
Microsoft Visual Studio Solution File, Format Version 12.00
# Visual Studio Version 16
VisualStudioVersion = 16.0.29709.97
MinimumVisualStudioVersion = 10.0.40219.1
Project("{FAE04EC0-301F-11D3-BF4B-00C04F79EFBC}") = "ASC.Web", "ASC.Web\ASC.Web.csproj", "{F8185768-0C7D-47BD-B129-5DE9CCA92CB8}"
EndProject
Global
	GlobalSection(SolutionConfigurationPlatforms) = preSolution
		Debug|Any CPU = Debug|Any CPU
		Release|Any CPU = Release|Any CPU
	EndGlobalSection
	GlobalSection(ProjectConfigurationPlatforms) = postSolution
		{F8185768-0C7D-47BD-B129-5DE9CCA92CB8}.Debug|Any CPU.ActiveCfg = Debug|Any CPU
		{F8185768-0C7D-47BD-B129-5DE9CCA92CB8}.Debug|Any CPU.Build.0 = Debug|Any CPU
		{F8185768-0C7D-47BD-B129-5DE9CCA92CB8}.Release|Any CPU.ActiveCfg = Release|Any CPU
		{F8185768-0C7D-47BD-B129-5DE9CCA92CB8}.Release|Any CPU.Build.0 = Release|Any CPU
	EndGlobalSection
	GlobalSection(SolutionProperties) = preSolution
		HideSolutionNode = FALSE
	EndGlobalSection
	GlobalSection(ExtensibilityGlobals) = postSolution
		SolutionGuid = {5DE598C7-1366-4B78-91B7-BD16EEA32EF2}
	EndGlobalSection
EndGlobal
